
Microsoft Visual Studio Solution File, Format Version 12.00
Project("{2150E333-8FDC-42A3-9474-1A3956D46DE8}") = "02. Game", "02. Game", "{42033DE3-CA47-4E3A-A894-EAB522F8FADE}"
EndProject
Project("{FAE04EC0-301F-11D3-BF4B-00C04F79EFBC}") = "GameServer", "GameServer\GameServer.csproj", "{31CC46B5-2D98-4006-9BDC-69EB2B75A472}"
EndProject
Project("{FAE04EC0-301F-11D3-BF4B-00C04F79EFBC}") = "ServerCore", "ServerCore\ServerCore.csproj", "{9CC4423E-4391-4BE8-A72C-E34AE73CD61D}"
EndProject
Global
	GlobalSection(SolutionConfigurationPlatforms) = preSolution
		Debug|Any CPU = Debug|Any CPU
		Release|Any CPU = Release|Any CPU
	EndGlobalSection
	GlobalSection(ProjectConfigurationPlatforms) = postSolution
		{31CC46B5-2D98-4006-9BDC-69EB2B75A472}.Debug|Any CPU.ActiveCfg = Debug|Any CPU
		{31CC46B5-2D98-4006-9BDC-69EB2B75A472}.Debug|Any CPU.Build.0 = Debug|Any CPU
		{31CC46B5-2D98-4006-9BDC-69EB2B75A472}.Release|Any CPU.ActiveCfg = Release|Any CPU
		{31CC46B5-2D98-4006-9BDC-69EB2B75A472}.Release|Any CPU.Build.0 = Release|Any CPU
		{9CC4423E-4391-4BE8-A72C-E34AE73CD61D}.Debug|Any CPU.ActiveCfg = Debug|Any CPU
		{9CC4423E-4391-4BE8-A72C-E34AE73CD61D}.Debug|Any CPU.Build.0 = Debug|Any CPU
		{9CC4423E-4391-4BE8-A72C-E34AE73CD61D}.Release|Any CPU.ActiveCfg = Release|Any CPU
		{9CC4423E-4391-4BE8-A72C-E34AE73CD61D}.Release|Any CPU.Build.0 = Release|Any CPU
	EndGlobalSection
	GlobalSection(NestedProjects) = preSolution
		{31CC46B5-2D98-4006-9BDC-69EB2B75A472} = {42033DE3-CA47-4E3A-A894-EAB522F8FADE}
		{9CC4423E-4391-4BE8-A72C-E34AE73CD61D} = {42033DE3-CA47-4E3A-A894-EAB522F8FADE}
	EndGlobalSection
EndGlobal
